# THIS IS AN AUTOGENERATED FILE. DO NOT EDIT THIS FILE DIRECTLY.
# yarn lockfile v1


fast-fuzzy@^1.12.0:
  version "1.12.0"
  resolved "https://registry.yarnpkg.com/fast-fuzzy/-/fast-fuzzy-1.12.0.tgz#f900a8165bffbb7dd5c013a1bb96ee22179ba406"
  integrity sha512-sXxGgHS+ubYpsdLnvOvJ9w5GYYZrtL9mkosG3nfuD446ahvoWEsSKBP7ieGmWIKVLnaxRDgUJkZMdxRgA2Ni+Q==
  dependencies:
    graphemesplit "^2.4.1"

graphemesplit@^2.4.1:
  version "2.4.4"
  resolved "https://registry.yarnpkg.com/graphemesplit/-/graphemesplit-2.4.4.tgz#6d325c61e928efdaec2189f54a9b87babf89b75a"
  integrity sha512-lKrpp1mk1NH26USxC/Asw4OHbhSQf5XfrWZ+CDv/dFVvd1j17kFgMotdJvOesmHkbFX9P9sBfpH8VogxOWLg8w==
  dependencies:
    js-base64 "^3.6.0"
    unicode-trie "^2.0.0"

js-base64@^3.6.0:
  version "3.7.7"
  resolved "https://registry.yarnpkg.com/js-base64/-/js-base64-3.7.7.tgz#e51b84bf78fbf5702b9541e2cb7bfcb893b43e79"
  integrity sha512-7rCnleh0z2CkXhH67J8K1Ytz0b2Y+yxTPL+/KOJoa20hfnVQ/3/T6W/KflYI4bRHRagNeXeU2bkNGI3v1oS/lw==

pako@^0.2.5:
  version "0.2.9"
  resolved "https://registry.yarnpkg.com/pako/-/pako-0.2.9.tgz#f3f7522f4ef782348da8161bad9ecfd51bf83a75"
  integrity sha512-NUcwaKxUxWrZLpDG+z/xZaCgQITkA/Dv4V/T6bw7VON6l1Xz/VnrBqrYjZQ12TamKHzITTfOEIYUj48y2KXImA==

tiny-inflate@^1.0.0:
  version "1.0.3"
  resolved "https://registry.yarnpkg.com/tiny-inflate/-/tiny-inflate-1.0.3.tgz#122715494913a1805166aaf7c93467933eea26c4"
  integrity sha512-pkY1fj1cKHb2seWDy0B16HeWyczlJA9/WW3u3c4z/NiWDsO3DOU5D7nhTLE9CF0yXv/QZFY7sEJmj24dK+Rrqw==

unicode-trie@^2.0.0:
  version "2.0.0"
  resolved "https://registry.yarnpkg.com/unicode-trie/-/unicode-trie-2.0.0.tgz#8fd8845696e2e14a8b67d78fa9e0dd2cad62fec8"
  integrity sha512-x7bc76x0bm4prf1VLg79uhAzKw8DVboClSN5VxJuQ+LKDOVEW9CdH+VY7SP+vX7xCYQqzzgQpFqz15zeLvAtZQ==
  dependencies:
    pako "^0.2.5"
    tiny-inflate "^1.0.0"
